
Microsoft Visual Studio Solution File, Format Version 12.00
# Visual Studio 15
Project("{FAE04EC0-301F-11D3-BF4B-00C04F79EFBC}") = "Assembly-CSharp", "Assembly-CSharp.csproj", "{D546D30F-A179-6A9B-9423-7560682F2271}"
EndProject
Project("{FAE04EC0-301F-11D3-BF4B-00C04F79EFBC}") = "Assembly-CSharp-Editor", "Assembly-CSharp-Editor.csproj", "{54E3B536-7262-0A29-4657-EE31956049A5}"
EndProject
Global
	GlobalSection(SolutionConfigurationPlatforms) = preSolution
		Debug|Any CPU = Debug|Any CPU
		Release|Any CPU = Release|Any CPU
	EndGlobalSection
	GlobalSection(ProjectConfigurationPlatforms) = postSolution
		{D546D30F-A179-6A9B-9423-7560682F2271}.Debug|Any CPU.ActiveCfg = Debug|Any CPU
		{D546D30F-A179-6A9B-9423-7560682F2271}.Debug|Any CPU.Build.0 = Debug|Any CPU
		{D546D30F-A179-6A9B-9423-7560682F2271}.Release|Any CPU.ActiveCfg = Release|Any CPU
		{D546D30F-A179-6A9B-9423-7560682F2271}.Release|Any CPU.Build.0 = Release|Any CPU
		{54E3B536-7262-0A29-4657-EE31956049A5}.Debug|Any CPU.ActiveCfg = Debug|Any CPU
		{54E3B536-7262-0A29-4657-EE31956049A5}.Debug|Any CPU.Build.0 = Debug|Any CPU
		{54E3B536-7262-0A29-4657-EE31956049A5}.Release|Any CPU.ActiveCfg = Release|Any CPU
		{54E3B536-7262-0A29-4657-EE31956049A5}.Release|Any CPU.Build.0 = Release|Any CPU
	EndGlobalSection
	GlobalSection(SolutionProperties) = preSolution
		HideSolutionNode = FALSE
	EndGlobalSection
EndGlobal
