
Microsoft Visual Studio Solution File, Format Version 12.00
# Visual Studio 15
Project("{FAE04EC0-301F-11D3-BF4B-00C04F79EFBC}") = "Assembly-CSharp", "Assembly-CSharp.csproj", "{50F59950-469D-C9AE-EEF0-AF065204CF26}"
EndProject
Project("{FAE04EC0-301F-11D3-BF4B-00C04F79EFBC}") = "Assembly-CSharp-Editor", "Assembly-CSharp-Editor.csproj", "{F60AAFA6-546A-B206-DD5C-6D2C5F783265}"
EndProject
Global
	GlobalSection(SolutionConfigurationPlatforms) = preSolution
		Debug|Any CPU = Debug|Any CPU
		Release|Any CPU = Release|Any CPU
	EndGlobalSection
	GlobalSection(ProjectConfigurationPlatforms) = postSolution
		{50F59950-469D-C9AE-EEF0-AF065204CF26}.Debug|Any CPU.ActiveCfg = Debug|Any CPU
		{50F59950-469D-C9AE-EEF0-AF065204CF26}.Debug|Any CPU.Build.0 = Debug|Any CPU
		{50F59950-469D-C9AE-EEF0-AF065204CF26}.Release|Any CPU.ActiveCfg = Release|Any CPU
		{50F59950-469D-C9AE-EEF0-AF065204CF26}.Release|Any CPU.Build.0 = Release|Any CPU
		{F60AAFA6-546A-B206-DD5C-6D2C5F783265}.Debug|Any CPU.ActiveCfg = Debug|Any CPU
		{F60AAFA6-546A-B206-DD5C-6D2C5F783265}.Debug|Any CPU.Build.0 = Debug|Any CPU
		{F60AAFA6-546A-B206-DD5C-6D2C5F783265}.Release|Any CPU.ActiveCfg = Release|Any CPU
		{F60AAFA6-546A-B206-DD5C-6D2C5F783265}.Release|Any CPU.Build.0 = Release|Any CPU
	EndGlobalSection
	GlobalSection(SolutionProperties) = preSolution
		HideSolutionNode = FALSE
	EndGlobalSection
EndGlobal
